<?xml version="1.0" encoding="utf-8"?>
<Project ToolsVersion="4.0" xmlns="http://schemas.microsoft.com/developer/msbuild/2003">
  <ItemGroup>
    <Filter Include="Source Files">
      <UniqueIdentifier>{4FC737F1-C7A5-4376-A066-2A32D752A2FF}</UniqueIdentifier>
      <Extensions>cpp;c;cc;cxx;c++;cppm;ixx;def;odl;idl;hpj;bat;asm;asmx</Extensions>
    </Filter>
    <Filter Include="Header Files">
      <UniqueIdentifier>{93995380-89BD-4b04-88EB-625FBE52EBFB}</UniqueIdentifier>
      <Extensions>h;hh;hpp;hxx;h++;hm;inl;inc;ipp;xsd</Extensions>
    </Filter>
    <Filter Include="Script">
      <UniqueIdentifier>{1ed1e192-2b70-4494-877b-a4672df57b75}</UniqueIdentifier>
    </Filter>
    <Filter Include="Script\Object">
      <UniqueIdentifier>{446136cf-9167-4691-9d91-7486d14b86e5}</UniqueIdentifier>
    </Filter>
    <Filter Include="Script\Manager">
      <UniqueIdentifier>{a51f2fd6-1353-4b99-b06e-10783d8887ce}</UniqueIdentifier>
    </Filter>
    <Filter Include="Script\Manager\Singleton">
      <UniqueIdentifier>{0f4824bd-d703-4fec-9a67-628e4118858d}</UniqueIdentifier>
    </Filter>
    <Filter Include="Script\Utilities">
      <UniqueIdentifier>{138d950d-8a09-43a6-ad48-1bfbf4e3439e}</UniqueIdentifier>
    </Filter>
    <Filter Include="Script\Utilities\Logger">
      <UniqueIdentifier>{b1abebcc-6d38-474a-9d6a-8e91a6aefe12}</UniqueIdentifier>
    </Filter>
    <Filter Include="Script\Utilities\Color">
      <UniqueIdentifier>{744f47f1-da99-4004-a099-14c1fe47a864}</UniqueIdentifier>
    </Filter>
    <Filter Include="Script\Game">
      <UniqueIdentifier>{a9742544-dae2-4d21-a255-e8a27c58c762}</UniqueIdentifier>
    </Filter>
    <Filter Include="Script\Manager\TimerManager">
      <UniqueIdentifier>{31da0fe7-0941-4e93-a7c6-8a161e592db1}</UniqueIdentifier>
    </Filter>
    <Filter Include="Script\Utilities\Utilities">
      <UniqueIdentifier>{c0242c52-7367-4e76-8055-e16c3cd27af0}</UniqueIdentifier>
    </Filter>
    <Filter Include="Script\Manager\GarbageCollector">
      <UniqueIdentifier>{3d1e02ad-1450-44f7-b0a0-bc461635958f}</UniqueIdentifier>
    </Filter>
    <Filter Include="Script\Object\Actor">
      <UniqueIdentifier>{4082c2ef-3e53-463e-a4dc-6d1d1d62c03e}</UniqueIdentifier>
    </Filter>
    <Filter Include="Script\Component">
      <UniqueIdentifier>{9d091eaa-3c82-4a24-a946-a467e8bdc4c4}</UniqueIdentifier>
    </Filter>
    <Filter Include="Script\Component\RootComponent">
      <UniqueIdentifier>{bb0d8bcb-c870-499c-a02f-9cf3c7ea3c2d}</UniqueIdentifier>
    </Filter>
    <Filter Include="Script\Manager\ActorManager">
      <UniqueIdentifier>{fb0adbb6-008a-4dd2-9fbf-95560a086474}</UniqueIdentifier>
    </Filter>
  </ItemGroup>
  <ItemGroup>
    <ClCompile Include="Main.cpp">
      <Filter>Source Files</Filter>
    </ClCompile>
    <ClCompile Include="Logger.cpp">
      <Filter>Script\Utilities\Logger</Filter>
    </ClCompile>
    <ClCompile Include="Object.cpp">
      <Filter>Script\Object</Filter>
    </ClCompile>
    <ClCompile Include="Color.cpp">
      <Filter>Script\Utilities\Color</Filter>
    </ClCompile>
    <ClCompile Include="TimerManager.cpp">
      <Filter>Script\Manager\TimerManager</Filter>
    </ClCompile>
    <ClCompile Include="Game.cpp">
      <Filter>Script\Game</Filter>
    </ClCompile>
    <ClCompile Include="Utilities.cpp">
      <Filter>Script\Utilities\Utilities</Filter>
    </ClCompile>
    <ClCompile Include="GarbageCollector.cpp">
      <Filter>Script\Manager\GarbageCollector</Filter>
    </ClCompile>
    <ClCompile Include="Actor.cpp">
      <Filter>Script\Object\Actor</Filter>
    </ClCompile>
    <ClCompile Include="Component.cpp">
      <Filter>Script\Component</Filter>
    </ClCompile>
    <ClCompile Include="RootComponent.cpp">
      <Filter>Script\Component\RootComponent</Filter>
    </ClCompile>
    <ClCompile Include="ActorTransform.cpp">
      <Filter>Script\Object\Actor</Filter>
    </ClCompile>
    <ClCompile Include="ActorManager.cpp">
      <Filter>Script\Manager\ActorManager</Filter>
    </ClCompile>
  </ItemGroup>
  <ItemGroup>
    <ClInclude Include="Macro.h">
      <Filter>Script\Utilities</Filter>
    </ClInclude>
    <ClInclude Include="Logger.h">
      <Filter>Script\Utilities\Logger</Filter>
    </ClInclude>
    <ClInclude Include="Object.h">
      <Filter>Script\Object</Filter>
    </ClInclude>
    <ClInclude Include="Color.h">
      <Filter>Script\Utilities\Color</Filter>
    </ClInclude>
    <ClInclude Include="Singleton.h">
      <Filter>Script\Manager\Singleton</Filter>
    </ClInclude>
    <ClInclude Include="CoreMinimal.h">
      <Filter>Script\Utilities</Filter>
    </ClInclude>
    <ClInclude Include="Manager.h">
      <Filter>Script\Manager</Filter>
    </ClInclude>
    <ClInclude Include="TimerManager.h">
      <Filter>Script\Manager\TimerManager</Filter>
    </ClInclude>
    <ClInclude Include="Game.h">
      <Filter>Script\Game</Filter>
    </ClInclude>
    <ClInclude Include="Utilities.h">
      <Filter>Script\Utilities\Utilities</Filter>
    </ClInclude>
    <ClInclude Include="GarbageCollector.h">
      <Filter>Script\Manager\GarbageCollector</Filter>
    </ClInclude>
    <ClInclude Include="Actor.h">
      <Filter>Script\Object\Actor</Filter>
    </ClInclude>
    <ClInclude Include="Component.h">
      <Filter>Script\Component</Filter>
    </ClInclude>
    <ClInclude Include="RootComponent.h">
      <Filter>Script\Component\RootComponent</Filter>
    </ClInclude>
    <ClInclude Include="ActorTransform.h">
      <Filter>Script\Object\Actor</Filter>
    </ClInclude>
    <ClInclude Include="ActorManager.h">
      <Filter>Script\Manager\ActorManager</Filter>
    </ClInclude>
  </ItemGroup>
</Project>