<?xml version="1.0" encoding="utf-8"?>
<Project ToolsVersion="4.0" xmlns="http://schemas.microsoft.com/developer/msbuild/2003">
  <ItemGroup>
    <Filter Include="Source Files">
      <UniqueIdentifier>{4FC737F1-C7A5-4376-A066-2A32D752A2FF}</UniqueIdentifier>
      <Extensions>cpp;c;cc;cxx;c++;cppm;ixx;def;odl;idl;hpj;bat;asm;asmx</Extensions>
    </Filter>
    <Filter Include="Header Files">
      <UniqueIdentifier>{93995380-89BD-4b04-88EB-625FBE52EBFB}</UniqueIdentifier>
      <Extensions>h;hh;hpp;hxx;h++;hm;inl;inc;ipp;xsd</Extensions>
    </Filter>
    <Filter Include="Script">
      <UniqueIdentifier>{1ed1e192-2b70-4494-877b-a4672df57b75}</UniqueIdentifier>
    </Filter>
    <Filter Include="Script\Object">
      <UniqueIdentifier>{446136cf-9167-4691-9d91-7486d14b86e5}</UniqueIdentifier>
    </Filter>
    <Filter Include="Script\Manager">
      <UniqueIdentifier>{a51f2fd6-1353-4b99-b06e-10783d8887ce}</UniqueIdentifier>
    </Filter>
    <Filter Include="Script\Manager\Singleton">
      <UniqueIdentifier>{0f4824bd-d703-4fec-9a67-628e4118858d}</UniqueIdentifier>
    </Filter>
    <Filter Include="Script\Utilities">
      <UniqueIdentifier>{138d950d-8a09-43a6-ad48-1bfbf4e3439e}</UniqueIdentifier>
    </Filter>
    <Filter Include="Script\Utilities\Logger">
      <UniqueIdentifier>{b1abebcc-6d38-474a-9d6a-8e91a6aefe12}</UniqueIdentifier>
    </Filter>
    <Filter Include="Script\Utilities\Color">
      <UniqueIdentifier>{744f47f1-da99-4004-a099-14c1fe47a864}</UniqueIdentifier>
    </Filter>
    <Filter Include="Script\Game">
      <UniqueIdentifier>{a9742544-dae2-4d21-a255-e8a27c58c762}</UniqueIdentifier>
    </Filter>
  </ItemGroup>
  <ItemGroup>
    <ClCompile Include="Main.cpp">
      <Filter>Source Files</Filter>
    </ClCompile>
    <ClCompile Include="Logger.cpp">
      <Filter>Script\Utilities\Logger</Filter>
    </ClCompile>
    <ClCompile Include="Object.cpp">
      <Filter>Script\Object</Filter>
    </ClCompile>
    <ClCompile Include="Color.cpp">
      <Filter>Script\Utilities\Color</Filter>
    </ClCompile>
    <ClCompile Include="Utilities.cpp">
      <Filter>Script\Utilities</Filter>
    </ClCompile>
    <ClCompile Include="Manager.cpp">
      <Filter>Source Files</Filter>
    </ClCompile>
    <ClCompile Include="TimerManager.cpp">
      <Filter>Source Files</Filter>
    </ClCompile>
    <ClCompile Include="Game.cpp">
      <Filter>Source Files</Filter>
    </ClCompile>
  </ItemGroup>
  <ItemGroup>
    <ClInclude Include="Macro.h">
      <Filter>Script\Utilities</Filter>
    </ClInclude>
    <ClInclude Include="Logger.h">
      <Filter>Script\Utilities\Logger</Filter>
    </ClInclude>
    <ClInclude Include="Object.h">
      <Filter>Script\Object</Filter>
    </ClInclude>
    <ClInclude Include="Color.h">
      <Filter>Script\Utilities\Color</Filter>
    </ClInclude>
    <ClInclude Include="Singleton.h">
      <Filter>Script\Manager\Singleton</Filter>
    </ClInclude>
    <ClInclude Include="CoreMinimal.h">
      <Filter>Script\Utilities</Filter>
    </ClInclude>
    <ClInclude Include="Utilities.h">
      <Filter>Header Files</Filter>
    </ClInclude>
    <ClInclude Include="Manager.h">
      <Filter>Header Files</Filter>
    </ClInclude>
    <ClInclude Include="TimerManager.h">
      <Filter>Header Files</Filter>
    </ClInclude>
    <ClInclude Include="Game.h">
      <Filter>Header Files</Filter>
    </ClInclude>
  </ItemGroup>
</Project>